
Microsoft Visual Studio Solution File, Format Version 11.00
# Visual Studio 2010
# SharpDevelop 4.4
Project("{FAE04EC0-301F-11D3-BF4B-00C04F79EFBC}") = "Basic Calculator", "Basic Calculator.csproj", "{DBDAAE39-15E8-4AA0-A19B-B2BC23972D22}"
EndProject
Global
	GlobalSection(SolutionConfigurationPlatforms) = preSolution
		Debug|Any CPU = Debug|Any CPU
		Release|Any CPU = Release|Any CPU
	EndGlobalSection
	GlobalSection(ProjectConfigurationPlatforms) = postSolution
		{DBDAAE39-15E8-4AA0-A19B-B2BC23972D22}.Debug|Any CPU.Build.0 = Debug|Any CPU
		{DBDAAE39-15E8-4AA0-A19B-B2BC23972D22}.Debug|Any CPU.ActiveCfg = Debug|Any CPU
		{DBDAAE39-15E8-4AA0-A19B-B2BC23972D22}.Release|Any CPU.Build.0 = Release|Any CPU
		{DBDAAE39-15E8-4AA0-A19B-B2BC23972D22}.Release|Any CPU.ActiveCfg = Release|Any CPU
	EndGlobalSection
EndGlobal
