
Microsoft Visual Studio Solution File, Format Version 12.00
# Visual Studio Version 16
VisualStudioVersion = 16.0.30011.22
MinimumVisualStudioVersion = 10.0.40219.1
Project("{FAE04EC0-301F-11D3-BF4B-00C04F79EFBC}") = "StringFunctions", "StringFunctions.csproj", "{EF7355C9-AF04-434D-9EF2-D824F6E938BD}"
EndProject
Global
	GlobalSection(SolutionConfigurationPlatforms) = preSolution
		Debug|Any CPU = Debug|Any CPU
		Release|Any CPU = Release|Any CPU
	EndGlobalSection
	GlobalSection(ProjectConfigurationPlatforms) = postSolution
		{EF7355C9-AF04-434D-9EF2-D824F6E938BD}.Debug|Any CPU.ActiveCfg = Debug|Any CPU
		{EF7355C9-AF04-434D-9EF2-D824F6E938BD}.Debug|Any CPU.Build.0 = Debug|Any CPU
		{EF7355C9-AF04-434D-9EF2-D824F6E938BD}.Release|Any CPU.ActiveCfg = Release|Any CPU
		{EF7355C9-AF04-434D-9EF2-D824F6E938BD}.Release|Any CPU.Build.0 = Release|Any CPU
	EndGlobalSection
	GlobalSection(SolutionProperties) = preSolution
		HideSolutionNode = FALSE
	EndGlobalSection
	GlobalSection(ExtensibilityGlobals) = postSolution
		SolutionGuid = {AB61863C-B8F0-496A-8DCA-F78828A0DFD3}
	EndGlobalSection
EndGlobal
